<?xml version="1.0" encoding="UTF-8" standalone="yes" ?>
<CodeBlocks_project_file>
	<FileVersion major="1" minor="6" />
	<Project>
		<Option title="reformer" />
		<Option pch_mode="2" />
		<Option compiler="gcc" />
		<Build>
			<Target title="Debug">
				<Option output="bin/Debug/reformer" prefix_auto="1" extension_auto="1" />
				<Option object_output="obj/Debug/" />
				<Option type="1" />
				<Option compiler="gcc" />
				<Compiler>
					<Add option="-g" />
					<Add option="-DSFML_DYNAMIC" />
				</Compiler>
				<Linker>
					<Add option="-lsfml-graphics" />
					<Add option="-lsfml-window" />
					<Add option="-lsfml-system" />
					<Add option="-lmozjs185-1.0" />
					<Add option="-lnspr4" />
					<Add option="-lGL" />
				</Linker>
				<ExtraCommands>
					<Add before="make jsapigen" />
					<Mode after="always" />
				</ExtraCommands>
			</Target>
			<Target title="Release">
				<Option output="bin/Release/reformer" prefix_auto="1" extension_auto="1" />
				<Option object_output="obj/Release/" />
				<Option type="1" />
				<Option compiler="gcc" />
				<Compiler>
					<Add option="-O2" />
				</Compiler>
				<Linker>
					<Add option="-s" />
				</Linker>
			</Target>
		</Build>
		<Compiler>
			<Add option="-Wall" />
			<Add option="-fexceptions" />
		</Compiler>
		<Unit filename="Makefile" />
		<Unit filename="graphics.cpp" />
		<Unit filename="graphics.hpp" />
		<Unit filename="jscanvas.cpp" />
		<Unit filename="jscanvas.hpp" />
		<Unit filename="jsgraphics.cpp" />
		<Unit filename="jsgraphics.hpp" />
		<Unit filename="jssetup.cpp" />
		<Unit filename="jssetup.hpp" />
		<Unit filename="main.cpp" />
		<Unit filename="medialibrary.cpp" />
		<Unit filename="medialibrary.hpp" />
		<Unit filename="reformer.js" />
		<Unit filename="types.hpp" />
		<Unit filename="underscore.js" />
		<Extensions>
			<envvars />
			<code_completion />
			<lib_finder disable_auto="1" />
			<debugger />
		</Extensions>
	</Project>
</CodeBlocks_project_file>
