<?xml version="1.0" encoding="UTF-8" standalone="yes" ?>
<CodeBlocks_project_file>
	<FileVersion major="1" minor="6" />
	<Project>
		<Option title="sugs-core" />
		<Option pch_mode="2" />
		<Option compiler="gcc" />
		<Build>
			<Target title="linux64Debug">
				<Option output="bin/linux64Debug/libsugs-core" prefix_auto="1" extension_auto="1" />
				<Option working_dir="bin/linux64Debug" />
				<Option object_output="obj/linux64Debug/" />
				<Option type="3" />
				<Option compiler="gcc" />
				<Option createDefFile="1" />
				<Compiler>
					<Add option="-std=c++0x" />
					<Add option="-Wall" />
					<Add option="-g" />
					<Add option="-fPIC" />
					<Add option="-DSFML_DYNAMIC" />
					<Add option="-DDEBUG" />
					<Add directory="../../extlibs/linux64Debug/include" />
					<Add directory="../../extlibs/linux64Debug/include/js" />
					<Add directory="../../extlibs/linux64Debug/include/chipmunk" />
				</Compiler>
				<Linker>
					<Add option="-lsfml-system" />
					<Add option="-lmozjs" />
					<Add option="-lnspr4" />
					<Add option="-lchipmunk" />
					<Add option="-lGL" />
					<Add option="-lboost_system" />
					<Add option="-lboost_filesystem" />
					<Add directory="bin/linux64Debug" />
				</Linker>
				<ExtraCommands>
					<Add before="mkdir -p bin/linux64Debug" />
					<Add before="cp -Rf ../../extlibs/linux64Debug/lib/* bin/linux64Debug" />
					<Mode after="always" />
				</ExtraCommands>
			</Target>
			<Target title="linux64Release">
				<Option output="bin/linux64Release/libsugs-core" prefix_auto="1" extension_auto="1" />
				<Option working_dir="bin/linux64Release" />
				<Option object_output="obj/linux64Release/" />
				<Option type="3" />
				<Option compiler="gcc" />
				<Option createDefFile="1" />
				<Compiler>
					<Add option="-O2" />
					<Add option="-std=c++0x" />
					<Add option="-Wall" />
					<Add option="-fPIC" />
					<Add option="-DSFML_DYNAMIC" />
					<Add directory="../../extlibs/linux64Release/include" />
					<Add directory="../../extlibs/linux64Release/include/js" />
					<Add directory="../../extlibs/linux64Release/include/chipmunk" />
				</Compiler>
				<Linker>
					<Add option="-s" />
					<Add option="-lsfml-system" />
					<Add option="-lmozjs" />
					<Add option="-lnspr4" />
					<Add option="-lchipmunk" />
					<Add option="-lGL" />
					<Add option="-lboost_system" />
					<Add option="-lboost_filesystem" />
					<Add directory="bin/linux64Release" />
				</Linker>
				<ExtraCommands>
					<Add before="mkdir -p bin/linux64Release" />
					<Add before="cp -Rf ../../extlibs/linux64Release/lib/* bin/linux64Release" />
					<Mode after="always" />
				</ExtraCommands>
			</Target>
		</Build>
		<Unit filename="common.cpp" />
		<Unit filename="common.hpp" />
		<Unit filename="common/jsutil.cpp" />
		<Unit filename="common/jsutil.hpp" />
		<Unit filename="common/rng.cpp" />
		<Unit filename="common/rng.hpp" />
		<Unit filename="core.h" />
		<Unit filename="corejs/corejs.h" />
		<Unit filename="corejs/jssetup.cpp" />
		<Unit filename="corejs/scripting.cpp" />
		<Unit filename="ext/component.cpp" />
		<Unit filename="ext/component.h" />
		<Unit filename="fs/filesystemcomponent.cpp" />
		<Unit filename="fs/fs.cpp" />
		<Unit filename="fs/fs.hpp" />
		<Unit filename="messaging/messageexchange.cpp" />
		<Unit filename="messaging/messageexchange.hpp" />
		<Unit filename="messaging/pubsub.cpp" />
		<Unit filename="messaging/pubsub.hpp" />
		<Unit filename="physics/body.cpp" />
		<Unit filename="physics/body.h" />
		<Unit filename="physics/shape.cpp" />
		<Unit filename="physics/shape.h" />
		<Unit filename="physics/sim.cpp" />
		<Unit filename="physics/sim.h" />
		<Unit filename="physics/space.cpp" />
		<Unit filename="physics/space.h" />
		<Unit filename="worker/backend.cpp" />
		<Unit filename="worker/backend.hpp" />
		<Unit filename="worker/configurator.cpp" />
		<Unit filename="worker/configurator.hpp" />
		<Unit filename="worker/worker.cpp" />
		<Unit filename="worker/worker.hpp" />
		<Extensions>
			<code_completion />
			<envvars />
			<lib_finder disable_auto="1" />
			<debugger />
		</Extensions>
	</Project>
</CodeBlocks_project_file>
