<?xml version="1.0" encoding="UTF-8" standalone="yes" ?>
<CodeBlocks_project_file>
	<FileVersion major="1" minor="6" />
	<Project>
		<Option title="sugs-core" />
		<Option pch_mode="2" />
		<Option compiler="gcc" />
		<Build>
			<Target title="linux64Debug">
				<Option output="bin/linux64Debug/libsugs-core" prefix_auto="1" extension_auto="1" />
				<Option working_dir="" />
				<Option object_output="obj/linux64Debug/" />
				<Option type="2" />
				<Option compiler="gcc" />
				<Option createDefFile="1" />
				<Compiler>
					<Add option="-Wall" />
					<Add option="-g" />
					<Add option="-DSFML_DYNAMIC" />
					<Add directory="../../extlibs/linux64Debug/include" />
					<Add directory="../../extlibs/linux64Debug/include/js" />
					<Add directory="../../extlibs/linux64Debug/include/chipmunk" />
				</Compiler>
				<Linker>
					<Add option="-lsfml-graphics" />
					<Add option="-lsfml-window" />
					<Add option="-lsfml-system" />
					<Add option="-lmozjs" />
					<Add option="-lnspr4" />
					<Add option="-lchipmunk" />
					<Add option="-lGL" />
					<Add directory="../extlibs/linux64Debug/lib" />
				</Linker>
			</Target>
			<Target title="linux64Release">
				<Option output="bin/linux64Release/libsugs-core" prefix_auto="1" extension_auto="1" />
				<Option working_dir="" />
				<Option object_output="obj/linux64Release/" />
				<Option type="2" />
				<Option compiler="gcc" />
				<Option createDefFile="1" />
				<Compiler>
					<Add option="-O2" />
					<Add option="-Wall" />
					<Add option="-DSFML_DYNAMIC" />
					<Add directory="../../extlibs/linux64Release/include" />
					<Add directory="../../extlibs/linux64Release/include/js" />
					<Add directory="../../extlibs/linux64Release/include/chipmunk" />
				</Compiler>
				<Linker>
					<Add option="-s" />
					<Add option="-lsfml-graphics" />
					<Add option="-lsfml-window" />
					<Add option="-lsfml-system" />
					<Add option="-lmozjs" />
					<Add option="-lnspr4" />
					<Add option="-lchipmunk" />
					<Add option="-lGL" />
					<Add directory="../../extlibs/linux64Release/lib" />
				</Linker>
			</Target>
		</Build>
		<Unit filename="common.cpp" />
		<Unit filename="common.hpp" />
		<Unit filename="common/jsutil.cpp" />
		<Unit filename="common/jsutil.hpp" />
		<Unit filename="common/rng.cpp" />
		<Unit filename="common/rng.hpp" />
		<Unit filename="ext/component.cpp" />
		<Unit filename="ext/component.h" />
		<Unit filename="gfx/jscanvas.cpp" />
		<Unit filename="gfx/jscanvas.hpp" />
		<Unit filename="gfx/jscircle.cpp" />
		<Unit filename="gfx/jscircle.hpp" />
		<Unit filename="gfx/jsdrawable.cpp" />
		<Unit filename="gfx/jsdrawable.hpp" />
		<Unit filename="gfx/jsgraphics.cpp" />
		<Unit filename="gfx/jsgraphics.hpp" />
		<Unit filename="gfx/jsrect.cpp" />
		<Unit filename="gfx/jsrect.hpp" />
		<Unit filename="gfx/jssprite.cpp" />
		<Unit filename="gfx/jssprite.hpp" />
		<Unit filename="gfx/jstext.cpp" />
		<Unit filename="gfx/jstext.hpp" />
		<Unit filename="gfx/sfmlsetup.cpp" />
		<Unit filename="gfx/sfmlsetup.hpp" />
		<Unit filename="jsinput.cpp" />
		<Unit filename="jsinput.hpp" />
		<Unit filename="medialibrary.cpp" />
		<Unit filename="medialibrary.hpp" />
		<Unit filename="messaging/messageexchange.cpp" />
		<Unit filename="messaging/messageexchange.hpp" />
		<Unit filename="messaging/pubsub.cpp" />
		<Unit filename="messaging/pubsub.hpp" />
		<Unit filename="physics/circularbody.cpp" />
		<Unit filename="physics/circularbody.h" />
		<Unit filename="physics/sim.cpp" />
		<Unit filename="physics/sim.h" />
		<Unit filename="physics/space.cpp" />
		<Unit filename="physics/space.h" />
		<Unit filename="worker/backend.cpp" />
		<Unit filename="worker/backend.hpp" />
		<Unit filename="worker/configurator.cpp" />
		<Unit filename="worker/configurator.hpp" />
		<Unit filename="worker/frontend.cpp" />
		<Unit filename="worker/frontend.hpp" />
		<Unit filename="worker/spidermonkey/jssetup.cpp" />
		<Unit filename="worker/spidermonkey/jssetup.hpp" />
		<Unit filename="worker/spidermonkey/scripting.cpp" />
		<Unit filename="worker/spidermonkey/scripting.hpp" />
		<Unit filename="worker/worker.cpp" />
		<Unit filename="worker/worker.hpp" />
		<Extensions>
			<code_completion />
			<envvars />
			<lib_finder disable_auto="1" />
			<debugger />
		</Extensions>
	</Project>
</CodeBlocks_project_file>
